
Microsoft Visual Studio Solution File, Format Version 12.00
# Visual Studio 15
VisualStudioVersion = 15.0.27428.2002
MinimumVisualStudioVersion = 10.0.40219.1
Project("{FAE04EC0-301F-11D3-BF4B-00C04F79EFBC}") = "ImpedanceCalculator", "ImpedanceCalculator\ImpedanceCalculator.csproj", "{5D0C77B9-5616-471E-A736-0DC88E7949BF}"
EndProject
Global
	GlobalSection(SolutionConfigurationPlatforms) = preSolution
		Debug|Any CPU = Debug|Any CPU
		Release|Any CPU = Release|Any CPU
	EndGlobalSection
	GlobalSection(ProjectConfigurationPlatforms) = postSolution
		{5D0C77B9-5616-471E-A736-0DC88E7949BF}.Debug|Any CPU.ActiveCfg = Debug|Any CPU
		{5D0C77B9-5616-471E-A736-0DC88E7949BF}.Debug|Any CPU.Build.0 = Debug|Any CPU
		{5D0C77B9-5616-471E-A736-0DC88E7949BF}.Release|Any CPU.ActiveCfg = Release|Any CPU
		{5D0C77B9-5616-471E-A736-0DC88E7949BF}.Release|Any CPU.Build.0 = Release|Any CPU
	EndGlobalSection
	GlobalSection(SolutionProperties) = preSolution
		HideSolutionNode = FALSE
	EndGlobalSection
	GlobalSection(ExtensibilityGlobals) = postSolution
		SolutionGuid = {2D3AD810-8F84-45F6-96FF-95F5B5E04C27}
	EndGlobalSection
EndGlobal
